
Microsoft Visual Studio Solution File, Format Version 12.00
# Visual Studio Version 16
VisualStudioVersion = 16.0.30225.117
MinimumVisualStudioVersion = 10.0.40219.1
Project("{FAE04EC0-301F-11D3-BF4B-00C04F79EFBC}") = "AuthorsApi", "AuthorsApi.csproj", "{30ED596C-9A9D-4AA9-8BAE-0CEEE8806859}"
EndProject
Global
	GlobalSection(SolutionConfigurationPlatforms) = preSolution
		Debug|Any CPU = Debug|Any CPU
		Release|Any CPU = Release|Any CPU
	EndGlobalSection
	GlobalSection(ProjectConfigurationPlatforms) = postSolution
		{30ED596C-9A9D-4AA9-8BAE-0CEEE8806859}.Debug|Any CPU.ActiveCfg = Debug|Any CPU
		{30ED596C-9A9D-4AA9-8BAE-0CEEE8806859}.Debug|Any CPU.Build.0 = Debug|Any CPU
		{30ED596C-9A9D-4AA9-8BAE-0CEEE8806859}.Release|Any CPU.ActiveCfg = Release|Any CPU
		{30ED596C-9A9D-4AA9-8BAE-0CEEE8806859}.Release|Any CPU.Build.0 = Release|Any CPU
	EndGlobalSection
	GlobalSection(SolutionProperties) = preSolution
		HideSolutionNode = FALSE
	EndGlobalSection
	GlobalSection(ExtensibilityGlobals) = postSolution
		SolutionGuid = {74A7EF2D-2709-4A96-B268-D2303C7AEC5A}
	EndGlobalSection
EndGlobal
